
Microsoft Visual Studio Solution File, Format Version 12.00
# Visual Studio Version 17
VisualStudioVersion = 17.3.32901.215
MinimumVisualStudioVersion = 10.0.40219.1
Project("{FAE04EC0-301F-11D3-BF4B-00C04F79EFBC}") = "Gym", "Gym.csproj", "{BBD30698-D3F8-4EB8-89A3-CEADBF038A49}"
EndProject
Global
	GlobalSection(SolutionConfigurationPlatforms) = preSolution
		Debug|Any CPU = Debug|Any CPU
		Release|Any CPU = Release|Any CPU
	EndGlobalSection
	GlobalSection(ProjectConfigurationPlatforms) = postSolution
		{BBD30698-D3F8-4EB8-89A3-CEADBF038A49}.Debug|Any CPU.ActiveCfg = Debug|Any CPU
		{BBD30698-D3F8-4EB8-89A3-CEADBF038A49}.Debug|Any CPU.Build.0 = Debug|Any CPU
		{BBD30698-D3F8-4EB8-89A3-CEADBF038A49}.Release|Any CPU.ActiveCfg = Release|Any CPU
		{BBD30698-D3F8-4EB8-89A3-CEADBF038A49}.Release|Any CPU.Build.0 = Release|Any CPU
	EndGlobalSection
	GlobalSection(SolutionProperties) = preSolution
		HideSolutionNode = FALSE
	EndGlobalSection
	GlobalSection(ExtensibilityGlobals) = postSolution
		SolutionGuid = {A97BACE2-CC66-4733-BBC5-AA0B2D9B9D6D}
	EndGlobalSection
EndGlobal
